// !$*UTF8*$!
{
	archiveVersion = 1;
	classes = {
	};
	objectVersion = 51;
	objects = {

/* Begin PBXBuildFile section */
		07D7F7CF721FA38FB0CCAE7E /* Pods_GedaratamaMalu.framework in Frameworks */ = {isa = PBXBuildFile; fileRef = 3D6B69DC1E0F4A23FF6559C8 /* Pods_GedaratamaMalu.framework */; };
		6307D78B262580EB0047694E /* Authentication.swift in Sources */ = {isa = PBXBuildFile; fileRef = 6307D78A262580EB0047694E /* Authentication.swift */; };
		630855C8259B8A0F0072F431 /* SwipingViewCell.swift in Sources */ = {isa = PBXBuildFile; fileRef = 630855C6259B8A0F0072F431 /* SwipingViewCell.swift */; };
		630855C9259B8A0F0072F431 /* SwipingViewCell.xib in Resources */ = {isa = PBXBuildFile; fileRef = 630855C7259B8A0F0072F431 /* SwipingViewCell.xib */; };
		631523AE26849657006A4CFF /* AddressModelView.swift in Sources */ = {isa = PBXBuildFile; fileRef = 631523AD26849657006A4CFF /* AddressModelView.swift */; };
		631523B32684A14F006A4CFF /* AddressDetail.swift in Sources */ = {isa = PBXBuildFile; fileRef = 631523B22684A14F006A4CFF /* AddressDetail.swift */; };
		631523B82684A1C4006A4CFF /* AddressType.swift in Sources */ = {isa = PBXBuildFile; fileRef = 631523B72684A1C4006A4CFF /* AddressType.swift */; };
		6316FA0625AB98C800824BF4 /* MobileVerificationViewController.swift in Sources */ = {isa = PBXBuildFile; fileRef = 6316FA0525AB98C800824BF4 /* MobileVerificationViewController.swift */; };
		6317AB042698E44B00D59335 /* Order.swift in Sources */ = {isa = PBXBuildFile; fileRef = 6317AB032698E44B00D59335 /* Order.swift */; };
		6317AB092698EA5C00D59335 /* OrderModelView.swift in Sources */ = {isa = PBXBuildFile; fileRef = 6317AB082698EA5C00D59335 /* OrderModelView.swift */; };
		63182ED52699E9D600021B93 /* OrderDetails.swift in Sources */ = {isa = PBXBuildFile; fileRef = 63182ED42699E9D600021B93 /* OrderDetails.swift */; };
		6321D81D25C14733004D3144 /* AccountDetailViewController.swift in Sources */ = {isa = PBXBuildFile; fileRef = 6321D81C25C14733004D3144 /* AccountDetailViewController.swift */; };
		6323281D26D439A400B9037E /* guidelines.gif in Resources */ = {isa = PBXBuildFile; fileRef = 6323281C26D439A400B9037E /* guidelines.gif */; };
		6323282226D44D2400B9037E /* scooter-courier.gif in Resources */ = {isa = PBXBuildFile; fileRef = 6323282126D44D2400B9037E /* scooter-courier.gif */; };
		632BA75D26DD2C6000CDB452 /* HomeCategoryViewCell.swift in Sources */ = {isa = PBXBuildFile; fileRef = 632BA75B26DD2C6000CDB452 /* HomeCategoryViewCell.swift */; };
		632BA75E26DD2C6000CDB452 /* HomeCategoryViewCell.xib in Resources */ = {isa = PBXBuildFile; fileRef = 632BA75C26DD2C6000CDB452 /* HomeCategoryViewCell.xib */; };
		632BA76926DD428300CDB452 /* CategoryViewCell.swift in Sources */ = {isa = PBXBuildFile; fileRef = 632BA76726DD428300CDB452 /* CategoryViewCell.swift */; };
		632BA76A26DD428300CDB452 /* CategoryViewCell.xib in Resources */ = {isa = PBXBuildFile; fileRef = 632BA76826DD428300CDB452 /* CategoryViewCell.xib */; };
		632BA76F26DD753900CDB452 /* CategoryModelView.swift in Sources */ = {isa = PBXBuildFile; fileRef = 632BA76E26DD753900CDB452 /* CategoryModelView.swift */; };
		6330591D26C9963A00786402 /* MyCartViewCell.swift in Sources */ = {isa = PBXBuildFile; fileRef = 6330591B26C9963A00786402 /* MyCartViewCell.swift */; };
		6330591E26C9963A00786402 /* MyCartViewCell.xib in Resources */ = {isa = PBXBuildFile; fileRef = 6330591C26C9963A00786402 /* MyCartViewCell.xib */; };
		633296B6263409C7006435E1 /* ApiResponse.swift in Sources */ = {isa = PBXBuildFile; fileRef = 633296B5263409C7006435E1 /* ApiResponse.swift */; };
		633A974426C840BE00AD2134 /* OrderConfirmationViewController.swift in Sources */ = {isa = PBXBuildFile; fileRef = 633A974326C840BE00AD2134 /* OrderConfirmationViewController.swift */; };
		633CEB9125BDD72800090191 /* AddressViewController.swift in Sources */ = {isa = PBXBuildFile; fileRef = 633CEB9025BDD72800090191 /* AddressViewController.swift */; };
		633EEF11267E8C190007ED20 /* ShowCustomAlertMessage.swift in Sources */ = {isa = PBXBuildFile; fileRef = 633EEF10267E8C190007ED20 /* ShowCustomAlertMessage.swift */; };
		6343F0ED265FEFCE0053487D /* CheckoutPayViewCell.swift in Sources */ = {isa = PBXBuildFile; fileRef = 6343F0EB265FEFCE0053487D /* CheckoutPayViewCell.swift */; };
		6343F0EE265FEFCE0053487D /* CheckoutPayViewCell.xib in Resources */ = {isa = PBXBuildFile; fileRef = 6343F0EC265FEFCE0053487D /* CheckoutPayViewCell.xib */; };
		6348332726C53B94000BA036 /* PaymentModelView.swift in Sources */ = {isa = PBXBuildFile; fileRef = 6348332626C53B94000BA036 /* PaymentModelView.swift */; };
		6348332C26C541EB000BA036 /* Payment.swift in Sources */ = {isa = PBXBuildFile; fileRef = 6348332B26C541EB000BA036 /* Payment.swift */; };
		6348333126C5421D000BA036 /* PaymentDetails.swift in Sources */ = {isa = PBXBuildFile; fileRef = 6348333026C5421D000BA036 /* PaymentDetails.swift */; };
		63499BE926CAE98300AB4BCA /* fish3.gif in Resources */ = {isa = PBXBuildFile; fileRef = 63499BE826CAE98200AB4BCA /* fish3.gif */; };
		634CFCD6265A87680064A2D6 /* BasketViewController.swift in Sources */ = {isa = PBXBuildFile; fileRef = 634CFCD5265A87680064A2D6 /* BasketViewController.swift */; };
		634CFCDC265AC4DD0064A2D6 /* BasketCell.swift in Sources */ = {isa = PBXBuildFile; fileRef = 634CFCDA265AC4DD0064A2D6 /* BasketCell.swift */; };
		634CFCDD265AC4DD0064A2D6 /* BasketCell.xib in Resources */ = {isa = PBXBuildFile; fileRef = 634CFCDB265AC4DD0064A2D6 /* BasketCell.xib */; };
		635840CB25BC1C610058971D /* LaunchSideMenu.swift in Sources */ = {isa = PBXBuildFile; fileRef = 635840CA25BC1C610058971D /* LaunchSideMenu.swift */; };
		635B10BC266C1BA10079CEA0 /* MonthYearPickerView.swift in Sources */ = {isa = PBXBuildFile; fileRef = 635B10BB266C1BA10079CEA0 /* MonthYearPickerView.swift */; };
		635C4CF425A5AAE100A9BEC8 /* RegisterViewController.swift in Sources */ = {isa = PBXBuildFile; fileRef = 635C4CF325A5AAE100A9BEC8 /* RegisterViewController.swift */; };
		636360B92660DA4C00CF8D81 /* CardDetailViewCell.swift in Sources */ = {isa = PBXBuildFile; fileRef = 636360B72660DA4C00CF8D81 /* CardDetailViewCell.swift */; };
		636360BA2660DA4C00CF8D81 /* CardDetailViewCell.xib in Resources */ = {isa = PBXBuildFile; fileRef = 636360B82660DA4C00CF8D81 /* CardDetailViewCell.xib */; };
		6366B3B9262E2E93006CB200 /* JwtToken.swift in Sources */ = {isa = PBXBuildFile; fileRef = 6366B3B8262E2E93006CB200 /* JwtToken.swift */; };
		636A37FE264147600095B8C8 /* OTPViewModel.swift in Sources */ = {isa = PBXBuildFile; fileRef = 636A37FD2641475E0095B8C8 /* OTPViewModel.swift */; };
		636F9F7425BCBB4C000863AC /* MenuViewCell.swift in Sources */ = {isa = PBXBuildFile; fileRef = 636F9F7225BCBB4C000863AC /* MenuViewCell.swift */; };
		636F9F7525BCBB4C000863AC /* MenuViewCell.xib in Resources */ = {isa = PBXBuildFile; fileRef = 636F9F7325BCBB4C000863AC /* MenuViewCell.xib */; };
		638C4D532632A4510016CFD0 /* AuthenticationViewModel.swift in Sources */ = {isa = PBXBuildFile; fileRef = 638C4D522632A4510016CFD0 /* AuthenticationViewModel.swift */; };
		638C4D582632B62E0016CFD0 /* RegisterModelView.swift in Sources */ = {isa = PBXBuildFile; fileRef = 638C4D572632B62E0016CFD0 /* RegisterModelView.swift */; };
		638C4D5D2632B7590016CFD0 /* Profile.swift in Sources */ = {isa = PBXBuildFile; fileRef = 638C4D5C2632B7590016CFD0 /* Profile.swift */; };
		638F15C825BE017400D21C10 /* BillingAddressViewController.swift in Sources */ = {isa = PBXBuildFile; fileRef = 638F15C725BE017400D21C10 /* BillingAddressViewController.swift */; };
		638F15CD25BE01DF00D21C10 /* ShippingAddressViewController.swift in Sources */ = {isa = PBXBuildFile; fileRef = 638F15CC25BE01DF00D21C10 /* ShippingAddressViewController.swift */; };
		639BE63925B3590D00161A5F /* Product.swift in Sources */ = {isa = PBXBuildFile; fileRef = 639BE63825B3590D00161A5F /* Product.swift */; };
		639EAC8D25BF1901003BADF4 /* MapViewController.swift in Sources */ = {isa = PBXBuildFile; fileRef = 639EAC8C25BF1901003BADF4 /* MapViewController.swift */; };
		63A8A2CB2599FD2400921E83 /* IntraductionViewController.swift in Sources */ = {isa = PBXBuildFile; fileRef = 63A8A2CA2599FD2400921E83 /* IntraductionViewController.swift */; };
		63A8A2D22599FDBD00921E83 /* PresentController.swift in Sources */ = {isa = PBXBuildFile; fileRef = 63A8A2D12599FDBD00921E83 /* PresentController.swift */; };
		63AF2D662697336800B14503 /* Enum.swift in Sources */ = {isa = PBXBuildFile; fileRef = 63AF2D652697336800B14503 /* Enum.swift */; };
		63AF3930267A649A002A1885 /* LocationViewController.swift in Sources */ = {isa = PBXBuildFile; fileRef = 63AF392F267A649A002A1885 /* LocationViewController.swift */; };
		63B25E6C25B2CADD002D970D /* ProductViewCell.swift in Sources */ = {isa = PBXBuildFile; fileRef = 63B25E6A25B2CADD002D970D /* ProductViewCell.swift */; };
		63B25E6D25B2CADD002D970D /* ProductViewCell.xib in Resources */ = {isa = PBXBuildFile; fileRef = 63B25E6B25B2CADD002D970D /* ProductViewCell.xib */; };
		63B2FAF625AF78DC0088B6A6 /* TabBarViewController.swift in Sources */ = {isa = PBXBuildFile; fileRef = 63B2FAF525AF78DC0088B6A6 /* TabBarViewController.swift */; };
		63B2FAFB25AF8A950088B6A6 /* HomeViewController.swift in Sources */ = {isa = PBXBuildFile; fileRef = 63B2FAFA25AF8A950088B6A6 /* HomeViewController.swift */; };
		63B6BA112667AEC5008B11F5 /* CreaditCardViewController.swift in Sources */ = {isa = PBXBuildFile; fileRef = 63B6BA102667AEC5008B11F5 /* CreaditCardViewController.swift */; };
		63BE380F25A3A30300937C35 /* SignInViewController.swift in Sources */ = {isa = PBXBuildFile; fileRef = 63BE380E25A3A30300937C35 /* SignInViewController.swift */; };
		63BE381425A3BE4E00937C35 /* Extension.swift in Sources */ = {isa = PBXBuildFile; fileRef = 63BE381325A3BE4E00937C35 /* Extension.swift */; };
		63C4363A265E807A0027880D /* PlaceOrderViewController.swift in Sources */ = {isa = PBXBuildFile; fileRef = 63C43639265E807A0027880D /* PlaceOrderViewController.swift */; };
		63C43AA525B561B300983FED /* ProductViewController.swift in Sources */ = {isa = PBXBuildFile; fileRef = 63C43AA425B561B300983FED /* ProductViewController.swift */; };
		63C8FE362633755B00D7521A /* ProfileType.swift in Sources */ = {isa = PBXBuildFile; fileRef = 63C8FE352633755B00D7521A /* ProfileType.swift */; };
		63CCDFC4267677F600E9175D /* ProductImage.swift in Sources */ = {isa = PBXBuildFile; fileRef = 63CCDFC3267677F600E9175D /* ProductImage.swift */; };
		63D0B76F25BB743C0089FB0C /* AccountViewController.swift in Sources */ = {isa = PBXBuildFile; fileRef = 63D0B76E25BB743B0089FB0C /* AccountViewController.swift */; };
		63D4C23325990F0500BF9D7E /* AppDelegate.swift in Sources */ = {isa = PBXBuildFile; fileRef = 63D4C23225990F0500BF9D7E /* AppDelegate.swift */; };
		63D4C23525990F0500BF9D7E /* SceneDelegate.swift in Sources */ = {isa = PBXBuildFile; fileRef = 63D4C23425990F0500BF9D7E /* SceneDelegate.swift */; };
		63D4C23A25990F0500BF9D7E /* Main.storyboard in Resources */ = {isa = PBXBuildFile; fileRef = 63D4C23825990F0500BF9D7E /* Main.storyboard */; };
		63D4C23C25990F0700BF9D7E /* Assets.xcassets in Resources */ = {isa = PBXBuildFile; fileRef = 63D4C23B25990F0700BF9D7E /* Assets.xcassets */; };
		63D4C23F25990F0700BF9D7E /* LaunchScreen.storyboard in Resources */ = {isa = PBXBuildFile; fileRef = 63D4C23D25990F0700BF9D7E /* LaunchScreen.storyboard */; };
		63D4C24A25990F0700BF9D7E /* GedaratamaMaluTests.swift in Sources */ = {isa = PBXBuildFile; fileRef = 63D4C24925990F0700BF9D7E /* GedaratamaMaluTests.swift */; };
		63D4C25525990F0800BF9D7E /* GedaratamaMaluUITests.swift in Sources */ = {isa = PBXBuildFile; fileRef = 63D4C25425990F0800BF9D7E /* GedaratamaMaluUITests.swift */; };
		63D58EB3263A923E00707F6F /* AlertPopOverViewController.swift in Sources */ = {isa = PBXBuildFile; fileRef = 63D58EB1263A923E00707F6F /* AlertPopOverViewController.swift */; };
		63DC8DF9264736690041EA77 /* Category.swift in Sources */ = {isa = PBXBuildFile; fileRef = 63DC8DF8264736690041EA77 /* Category.swift */; };
		63DC8DFE264737C30041EA77 /* Supplier.swift in Sources */ = {isa = PBXBuildFile; fileRef = 63DC8DFD264737C30041EA77 /* Supplier.swift */; };
		63DC8E0326473F7A0041EA77 /* ProductViewModel.swift in Sources */ = {isa = PBXBuildFile; fileRef = 63DC8E0226473F7A0041EA77 /* ProductViewModel.swift */; };
		63E07D34266D624A0088DE8F /* CreditCard.swift in Sources */ = {isa = PBXBuildFile; fileRef = 63E07D33266D624A0088DE8F /* CreditCard.swift */; };
		63ED251F25B9C1AB00D8DDA6 /* CartViewController.swift in Sources */ = {isa = PBXBuildFile; fileRef = 63ED251E25B9C1AB00D8DDA6 /* CartViewController.swift */; };
		63ED252525B9D1E200D8DDA6 /* CartRowViewCell.swift in Sources */ = {isa = PBXBuildFile; fileRef = 63ED252325B9D1E200D8DDA6 /* CartRowViewCell.swift */; };
		63ED252625B9D1E200D8DDA6 /* CartRowViewCell.xib in Resources */ = {isa = PBXBuildFile; fileRef = 63ED252425B9D1E200D8DDA6 /* CartRowViewCell.xib */; };
		63F3E96326D66AB80013471C /* OrderConfirmationViewCell.swift in Sources */ = {isa = PBXBuildFile; fileRef = 63F3E96126D66AB80013471C /* OrderConfirmationViewCell.swift */; };
		63F3E96426D66AB80013471C /* OrderConfirmationViewCell.xib in Resources */ = {isa = PBXBuildFile; fileRef = 63F3E96226D66AB80013471C /* OrderConfirmationViewCell.xib */; };
		8929995DB0ECA1A591C988E7 /* Pods_GedaratamaMaluTests.framework in Frameworks */ = {isa = PBXBuildFile; fileRef = B29BE4EDB3D3A483CC531E62 /* Pods_GedaratamaMaluTests.framework */; };
		8C03240C37DF282F8159E2C8 /* Pods_GedaratamaMalu_GedaratamaMaluUITests.framework in Frameworks */ = {isa = PBXBuildFile; fileRef = DEB408EAD4DE262E2056CAE4 /* Pods_GedaratamaMalu_GedaratamaMaluUITests.framework */; };
/* End PBXBuildFile section */

/* Begin PBXContainerItemProxy section */
		63D4C24625990F0700BF9D7E /* PBXContainerItemProxy */ = {
			isa = PBXContainerItemProxy;
			containerPortal = 63D4C22725990F0400BF9D7E /* Project object */;
			proxyType = 1;
			remoteGlobalIDString = 63D4C22E25990F0500BF9D7E;
			remoteInfo = GedaratamaMalu;
		};
		63D4C25125990F0800BF9D7E /* PBXContainerItemProxy */ = {
			isa = PBXContainerItemProxy;
			containerPortal = 63D4C22725990F0400BF9D7E /* Project object */;
			proxyType = 1;
			remoteGlobalIDString = 63D4C22E25990F0500BF9D7E;
			remoteInfo = GedaratamaMalu;
		};
/* End PBXContainerItemProxy section */

/* Begin PBXFileReference section */
		3D6B69DC1E0F4A23FF6559C8 /* Pods_GedaratamaMalu.framework */ = {isa = PBXFileReference; explicitFileType = wrapper.framework; includeInIndex = 0; path = Pods_GedaratamaMalu.framework; sourceTree = BUILT_PRODUCTS_DIR; };
		4F40D751DA3BC15BD6F09CD5 /* Pods-GedaratamaMalu-GedaratamaMaluUITests.debug.xcconfig */ = {isa = PBXFileReference; includeInIndex = 1; lastKnownFileType = text.xcconfig; name = "Pods-GedaratamaMalu-GedaratamaMaluUITests.debug.xcconfig"; path = "Target Support Files/Pods-GedaratamaMalu-GedaratamaMaluUITests/Pods-GedaratamaMalu-GedaratamaMaluUITests.debug.xcconfig"; sourceTree = "<group>"; };
		5CF41F5B0EE504254486A81A /* Pods-GedaratamaMalu.release.xcconfig */ = {isa = PBXFileReference; includeInIndex = 1; lastKnownFileType = text.xcconfig; name = "Pods-GedaratamaMalu.release.xcconfig"; path = "Target Support Files/Pods-GedaratamaMalu/Pods-GedaratamaMalu.release.xcconfig"; sourceTree = "<group>"; };
		5E7A59B95FE8347C6C1F1FF5 /* Pods-GedaratamaMalu.debug.xcconfig */ = {isa = PBXFileReference; includeInIndex = 1; lastKnownFileType = text.xcconfig; name = "Pods-GedaratamaMalu.debug.xcconfig"; path = "Target Support Files/Pods-GedaratamaMalu/Pods-GedaratamaMalu.debug.xcconfig"; sourceTree = "<group>"; };
		6307D78A262580EB0047694E /* Authentication.swift */ = {isa = PBXFileReference; lastKnownFileType = sourcecode.swift; path = Authentication.swift; sourceTree = "<group>"; };
		630855C6259B8A0F0072F431 /* SwipingViewCell.swift */ = {isa = PBXFileReference; lastKnownFileType = sourcecode.swift; path = SwipingViewCell.swift; sourceTree = "<group>"; };
		630855C7259B8A0F0072F431 /* SwipingViewCell.xib */ = {isa = PBXFileReference; lastKnownFileType = file.xib; path = SwipingViewCell.xib; sourceTree = "<group>"; };
		631523AD26849657006A4CFF /* AddressModelView.swift */ = {isa = PBXFileReference; lastKnownFileType = sourcecode.swift; path = AddressModelView.swift; sourceTree = "<group>"; };
		631523B22684A14F006A4CFF /* AddressDetail.swift */ = {isa = PBXFileReference; lastKnownFileType = sourcecode.swift; path = AddressDetail.swift; sourceTree = "<group>"; };
		631523B72684A1C4006A4CFF /* AddressType.swift */ = {isa = PBXFileReference; lastKnownFileType = sourcecode.swift; path = AddressType.swift; sourceTree = "<group>"; };
		6316FA0525AB98C800824BF4 /* MobileVerificationViewController.swift */ = {isa = PBXFileReference; lastKnownFileType = sourcecode.swift; path = MobileVerificationViewController.swift; sourceTree = "<group>"; };
		6317AB032698E44B00D59335 /* Order.swift */ = {isa = PBXFileReference; lastKnownFileType = sourcecode.swift; path = Order.swift; sourceTree = "<group>"; };
		6317AB082698EA5C00D59335 /* OrderModelView.swift */ = {isa = PBXFileReference; lastKnownFileType = sourcecode.swift; path = OrderModelView.swift; sourceTree = "<group>"; };
		63182ED42699E9D600021B93 /* OrderDetails.swift */ = {isa = PBXFileReference; lastKnownFileType = sourcecode.swift; path = OrderDetails.swift; sourceTree = "<group>"; };
		6321D81C25C14733004D3144 /* AccountDetailViewController.swift */ = {isa = PBXFileReference; lastKnownFileType = sourcecode.swift; path = AccountDetailViewController.swift; sourceTree = "<group>"; };
		6323281C26D439A400B9037E /* guidelines.gif */ = {isa = PBXFileReference; lastKnownFileType = image.gif; path = guidelines.gif; sourceTree = "<group>"; };
		6323282126D44D2400B9037E /* scooter-courier.gif */ = {isa = PBXFileReference; lastKnownFileType = image.gif; path = "scooter-courier.gif"; sourceTree = "<group>"; };
		632BA75B26DD2C6000CDB452 /* HomeCategoryViewCell.swift */ = {isa = PBXFileReference; lastKnownFileType = sourcecode.swift; path = HomeCategoryViewCell.swift; sourceTree = "<group>"; };
		632BA75C26DD2C6000CDB452 /* HomeCategoryViewCell.xib */ = {isa = PBXFileReference; lastKnownFileType = file.xib; path = HomeCategoryViewCell.xib; sourceTree = "<group>"; };
		632BA76326DD3B8100CDB452 /* LucidaGrande.ttc */ = {isa = PBXFileReference; lastKnownFileType = file; path = LucidaGrande.ttc; sourceTree = "<group>"; };
		632BA76726DD428300CDB452 /* CategoryViewCell.swift */ = {isa = PBXFileReference; lastKnownFileType = sourcecode.swift; path = CategoryViewCell.swift; sourceTree = "<group>"; };
		632BA76826DD428300CDB452 /* CategoryViewCell.xib */ = {isa = PBXFileReference; lastKnownFileType = file.xib; path = CategoryViewCell.xib; sourceTree = "<group>"; };
		632BA76E26DD753900CDB452 /* CategoryModelView.swift */ = {isa = PBXFileReference; lastKnownFileType = sourcecode.swift; path = CategoryModelView.swift; sourceTree = "<group>"; };
		6330591B26C9963A00786402 /* MyCartViewCell.swift */ = {isa = PBXFileReference; lastKnownFileType = sourcecode.swift; path = MyCartViewCell.swift; sourceTree = "<group>"; };
		6330591C26C9963A00786402 /* MyCartViewCell.xib */ = {isa = PBXFileReference; lastKnownFileType = file.xib; path = MyCartViewCell.xib; sourceTree = "<group>"; };
		633296B5263409C7006435E1 /* ApiResponse.swift */ = {isa = PBXFileReference; lastKnownFileType = sourcecode.swift; path = ApiResponse.swift; sourceTree = "<group>"; };
		633A974326C840BE00AD2134 /* OrderConfirmationViewController.swift */ = {isa = PBXFileReference; lastKnownFileType = sourcecode.swift; path = OrderConfirmationViewController.swift; sourceTree = "<group>"; };
		633CEB9025BDD72800090191 /* AddressViewController.swift */ = {isa = PBXFileReference; lastKnownFileType = sourcecode.swift; path = AddressViewController.swift; sourceTree = "<group>"; };
		633EEF10267E8C190007ED20 /* ShowCustomAlertMessage.swift */ = {isa = PBXFileReference; lastKnownFileType = sourcecode.swift; path = ShowCustomAlertMessage.swift; sourceTree = "<group>"; };
		6343F0EB265FEFCE0053487D /* CheckoutPayViewCell.swift */ = {isa = PBXFileReference; lastKnownFileType = sourcecode.swift; path = CheckoutPayViewCell.swift; sourceTree = "<group>"; };
		6343F0EC265FEFCE0053487D /* CheckoutPayViewCell.xib */ = {isa = PBXFileReference; lastKnownFileType = file.xib; path = CheckoutPayViewCell.xib; sourceTree = "<group>"; };
		6348332626C53B94000BA036 /* PaymentModelView.swift */ = {isa = PBXFileReference; lastKnownFileType = sourcecode.swift; path = PaymentModelView.swift; sourceTree = "<group>"; };
		6348332B26C541EB000BA036 /* Payment.swift */ = {isa = PBXFileReference; lastKnownFileType = sourcecode.swift; path = Payment.swift; sourceTree = "<group>"; };
		6348333026C5421D000BA036 /* PaymentDetails.swift */ = {isa = PBXFileReference; lastKnownFileType = sourcecode.swift; path = PaymentDetails.swift; sourceTree = "<group>"; };
		63499BE826CAE98200AB4BCA /* fish3.gif */ = {isa = PBXFileReference; lastKnownFileType = image.gif; path = fish3.gif; sourceTree = "<group>"; };
		634CFCD5265A87680064A2D6 /* BasketViewController.swift */ = {isa = PBXFileReference; lastKnownFileType = sourcecode.swift; path = BasketViewController.swift; sourceTree = "<group>"; };
		634CFCDA265AC4DD0064A2D6 /* BasketCell.swift */ = {isa = PBXFileReference; lastKnownFileType = sourcecode.swift; path = BasketCell.swift; sourceTree = "<group>"; };
		634CFCDB265AC4DD0064A2D6 /* BasketCell.xib */ = {isa = PBXFileReference; lastKnownFileType = file.xib; path = BasketCell.xib; sourceTree = "<group>"; };
		635840CA25BC1C610058971D /* LaunchSideMenu.swift */ = {isa = PBXFileReference; lastKnownFileType = sourcecode.swift; path = LaunchSideMenu.swift; sourceTree = "<group>"; };
		635B10BB266C1BA10079CEA0 /* MonthYearPickerView.swift */ = {isa = PBXFileReference; lastKnownFileType = sourcecode.swift; path = MonthYearPickerView.swift; sourceTree = "<group>"; };
		635C4CF325A5AAE100A9BEC8 /* RegisterViewController.swift */ = {isa = PBXFileReference; lastKnownFileType = sourcecode.swift; path = RegisterViewController.swift; sourceTree = "<group>"; };
		636360B72660DA4C00CF8D81 /* CardDetailViewCell.swift */ = {isa = PBXFileReference; lastKnownFileType = sourcecode.swift; path = CardDetailViewCell.swift; sourceTree = "<group>"; };
		636360B82660DA4C00CF8D81 /* CardDetailViewCell.xib */ = {isa = PBXFileReference; lastKnownFileType = file.xib; path = CardDetailViewCell.xib; sourceTree = "<group>"; };
		6366B3B8262E2E93006CB200 /* JwtToken.swift */ = {isa = PBXFileReference; lastKnownFileType = sourcecode.swift; path = JwtToken.swift; sourceTree = "<group>"; };
		636A37FD2641475E0095B8C8 /* OTPViewModel.swift */ = {isa = PBXFileReference; lastKnownFileType = sourcecode.swift; path = OTPViewModel.swift; sourceTree = "<group>"; };
		636F9F7225BCBB4C000863AC /* MenuViewCell.swift */ = {isa = PBXFileReference; lastKnownFileType = sourcecode.swift; path = MenuViewCell.swift; sourceTree = "<group>"; };
		636F9F7325BCBB4C000863AC /* MenuViewCell.xib */ = {isa = PBXFileReference; lastKnownFileType = file.xib; path = MenuViewCell.xib; sourceTree = "<group>"; };
		638C4D522632A4510016CFD0 /* AuthenticationViewModel.swift */ = {isa = PBXFileReference; lastKnownFileType = sourcecode.swift; path = AuthenticationViewModel.swift; sourceTree = "<group>"; };
		638C4D572632B62E0016CFD0 /* RegisterModelView.swift */ = {isa = PBXFileReference; lastKnownFileType = sourcecode.swift; path = RegisterModelView.swift; sourceTree = "<group>"; };
		638C4D5C2632B7590016CFD0 /* Profile.swift */ = {isa = PBXFileReference; lastKnownFileType = sourcecode.swift; path = Profile.swift; sourceTree = "<group>"; };
		638F15C725BE017400D21C10 /* BillingAddressViewController.swift */ = {isa = PBXFileReference; lastKnownFileType = sourcecode.swift; path = BillingAddressViewController.swift; sourceTree = "<group>"; };
		638F15CC25BE01DF00D21C10 /* ShippingAddressViewController.swift */ = {isa = PBXFileReference; lastKnownFileType = sourcecode.swift; path = ShippingAddressViewController.swift; sourceTree = "<group>"; };
		639BE63825B3590D00161A5F /* Product.swift */ = {isa = PBXFileReference; lastKnownFileType = sourcecode.swift; path = Product.swift; sourceTree = "<group>"; };
		639EAC8C25BF1901003BADF4 /* MapViewController.swift */ = {isa = PBXFileReference; lastKnownFileType = sourcecode.swift; path = MapViewController.swift; sourceTree = "<group>"; };
		63A8A2CA2599FD2400921E83 /* IntraductionViewController.swift */ = {isa = PBXFileReference; lastKnownFileType = sourcecode.swift; path = IntraductionViewController.swift; sourceTree = "<group>"; };
		63A8A2D12599FDBD00921E83 /* PresentController.swift */ = {isa = PBXFileReference; lastKnownFileType = sourcecode.swift; path = PresentController.swift; sourceTree = "<group>"; };
		63AF2D652697336800B14503 /* Enum.swift */ = {isa = PBXFileReference; lastKnownFileType = sourcecode.swift; path = Enum.swift; sourceTree = "<group>"; };
		63AF392F267A649A002A1885 /* LocationViewController.swift */ = {isa = PBXFileReference; lastKnownFileType = sourcecode.swift; path = LocationViewController.swift; sourceTree = "<group>"; };
		63B25E6A25B2CADD002D970D /* ProductViewCell.swift */ = {isa = PBXFileReference; lastKnownFileType = sourcecode.swift; path = ProductViewCell.swift; sourceTree = "<group>"; };
		63B25E6B25B2CADD002D970D /* ProductViewCell.xib */ = {isa = PBXFileReference; lastKnownFileType = file.xib; path = ProductViewCell.xib; sourceTree = "<group>"; };
		63B2FAF525AF78DC0088B6A6 /* TabBarViewController.swift */ = {isa = PBXFileReference; lastKnownFileType = sourcecode.swift; path = TabBarViewController.swift; sourceTree = "<group>"; };
		63B2FAFA25AF8A950088B6A6 /* HomeViewController.swift */ = {isa = PBXFileReference; lastKnownFileType = sourcecode.swift; path = HomeViewController.swift; sourceTree = "<group>"; };
		63B6BA102667AEC5008B11F5 /* CreaditCardViewController.swift */ = {isa = PBXFileReference; lastKnownFileType = sourcecode.swift; path = CreaditCardViewController.swift; sourceTree = "<group>"; };
		63BE380E25A3A30300937C35 /* SignInViewController.swift */ = {isa = PBXFileReference; lastKnownFileType = sourcecode.swift; path = SignInViewController.swift; sourceTree = "<group>"; };
		63BE381325A3BE4E00937C35 /* Extension.swift */ = {isa = PBXFileReference; lastKnownFileType = sourcecode.swift; path = Extension.swift; sourceTree = "<group>"; };
		63C43639265E807A0027880D /* PlaceOrderViewController.swift */ = {isa = PBXFileReference; lastKnownFileType = sourcecode.swift; path = PlaceOrderViewController.swift; sourceTree = "<group>"; };
		63C43AA425B561B300983FED /* ProductViewController.swift */ = {isa = PBXFileReference; lastKnownFileType = sourcecode.swift; path = ProductViewController.swift; sourceTree = "<group>"; };
		63C8FE352633755B00D7521A /* ProfileType.swift */ = {isa = PBXFileReference; lastKnownFileType = sourcecode.swift; path = ProfileType.swift; sourceTree = "<group>"; };
		63CCDFC3267677F600E9175D /* ProductImage.swift */ = {isa = PBXFileReference; lastKnownFileType = sourcecode.swift; path = ProductImage.swift; sourceTree = "<group>"; };
		63D0B76E25BB743B0089FB0C /* AccountViewController.swift */ = {isa = PBXFileReference; lastKnownFileType = sourcecode.swift; path = AccountViewController.swift; sourceTree = "<group>"; };
		63D4C22F25990F0500BF9D7E /* GedaratamaMalu.app */ = {isa = PBXFileReference; explicitFileType = wrapper.application; includeInIndex = 0; path = GedaratamaMalu.app; sourceTree = BUILT_PRODUCTS_DIR; };
		63D4C23225990F0500BF9D7E /* AppDelegate.swift */ = {isa = PBXFileReference; lastKnownFileType = sourcecode.swift; path = AppDelegate.swift; sourceTree = "<group>"; };
		63D4C23425990F0500BF9D7E /* SceneDelegate.swift */ = {isa = PBXFileReference; lastKnownFileType = sourcecode.swift; path = SceneDelegate.swift; sourceTree = "<group>"; };
		63D4C23925990F0500BF9D7E /* Base */ = {isa = PBXFileReference; lastKnownFileType = file.storyboard; name = Base; path = Base.lproj/Main.storyboard; sourceTree = "<group>"; };
		63D4C23B25990F0700BF9D7E /* Assets.xcassets */ = {isa = PBXFileReference; lastKnownFileType = folder.assetcatalog; path = Assets.xcassets; sourceTree = "<group>"; };
		63D4C23E25990F0700BF9D7E /* Base */ = {isa = PBXFileReference; lastKnownFileType = file.storyboard; name = Base; path = Base.lproj/LaunchScreen.storyboard; sourceTree = "<group>"; };
		63D4C24025990F0700BF9D7E /* Info.plist */ = {isa = PBXFileReference; lastKnownFileType = text.plist.xml; path = Info.plist; sourceTree = "<group>"; };
		63D4C24525990F0700BF9D7E /* GedaratamaMaluTests.xctest */ = {isa = PBXFileReference; explicitFileType = wrapper.cfbundle; includeInIndex = 0; path = GedaratamaMaluTests.xctest; sourceTree = BUILT_PRODUCTS_DIR; };
		63D4C24925990F0700BF9D7E /* GedaratamaMaluTests.swift */ = {isa = PBXFileReference; lastKnownFileType = sourcecode.swift; path = GedaratamaMaluTests.swift; sourceTree = "<group>"; };
		63D4C24B25990F0800BF9D7E /* Info.plist */ = {isa = PBXFileReference; lastKnownFileType = text.plist.xml; path = Info.plist; sourceTree = "<group>"; };
		63D4C25025990F0800BF9D7E /* GedaratamaMaluUITests.xctest */ = {isa = PBXFileReference; explicitFileType = wrapper.cfbundle; includeInIndex = 0; path = GedaratamaMaluUITests.xctest; sourceTree = BUILT_PRODUCTS_DIR; };
		63D4C25425990F0800BF9D7E /* GedaratamaMaluUITests.swift */ = {isa = PBXFileReference; lastKnownFileType = sourcecode.swift; path = GedaratamaMaluUITests.swift; sourceTree = "<group>"; };
		63D4C25625990F0800BF9D7E /* Info.plist */ = {isa = PBXFileReference; lastKnownFileType = text.plist.xml; path = Info.plist; sourceTree = "<group>"; };
		63D58EB1263A923E00707F6F /* AlertPopOverViewController.swift */ = {isa = PBXFileReference; lastKnownFileType = sourcecode.swift; path = AlertPopOverViewController.swift; sourceTree = "<group>"; };
		63DC8DF8264736690041EA77 /* Category.swift */ = {isa = PBXFileReference; lastKnownFileType = sourcecode.swift; path = Category.swift; sourceTree = "<group>"; };
		63DC8DFD264737C30041EA77 /* Supplier.swift */ = {isa = PBXFileReference; lastKnownFileType = sourcecode.swift; path = Supplier.swift; sourceTree = "<group>"; };
		63DC8E0226473F7A0041EA77 /* ProductViewModel.swift */ = {isa = PBXFileReference; lastKnownFileType = sourcecode.swift; path = ProductViewModel.swift; sourceTree = "<group>"; };
		63E07D33266D624A0088DE8F /* CreditCard.swift */ = {isa = PBXFileReference; lastKnownFileType = sourcecode.swift; path = CreditCard.swift; sourceTree = "<group>"; };
		63ED251E25B9C1AB00D8DDA6 /* CartViewController.swift */ = {isa = PBXFileReference; lastKnownFileType = sourcecode.swift; path = CartViewController.swift; sourceTree = "<group>"; };
		63ED252325B9D1E200D8DDA6 /* CartRowViewCell.swift */ = {isa = PBXFileReference; lastKnownFileType = sourcecode.swift; path = CartRowViewCell.swift; sourceTree = "<group>"; };
		63ED252425B9D1E200D8DDA6 /* CartRowViewCell.xib */ = {isa = PBXFileReference; lastKnownFileType = file.xib; path = CartRowViewCell.xib; sourceTree = "<group>"; };
		63F3E96126D66AB80013471C /* OrderConfirmationViewCell.swift */ = {isa = PBXFileReference; lastKnownFileType = sourcecode.swift; path = OrderConfirmationViewCell.swift; sourceTree = "<group>"; };
		63F3E96226D66AB80013471C /* OrderConfirmationViewCell.xib */ = {isa = PBXFileReference; lastKnownFileType = file.xib; path = OrderConfirmationViewCell.xib; sourceTree = "<group>"; };
		A790C0D24D3D396B486D9B3C /* Pods-GedaratamaMalu-GedaratamaMaluUITests.release.xcconfig */ = {isa = PBXFileReference; includeInIndex = 1; lastKnownFileType = text.xcconfig; name = "Pods-GedaratamaMalu-GedaratamaMaluUITests.release.xcconfig"; path = "Target Support Files/Pods-GedaratamaMalu-GedaratamaMaluUITests/Pods-GedaratamaMalu-GedaratamaMaluUITests.release.xcconfig"; sourceTree = "<group>"; };
		B29BE4EDB3D3A483CC531E62 /* Pods_GedaratamaMaluTests.framework */ = {isa = PBXFileReference; explicitFileType = wrapper.framework; includeInIndex = 0; path = Pods_GedaratamaMaluTests.framework; sourceTree = BUILT_PRODUCTS_DIR; };
		DEB408EAD4DE262E2056CAE4 /* Pods_GedaratamaMalu_GedaratamaMaluUITests.framework */ = {isa = PBXFileReference; explicitFileType = wrapper.framework; includeInIndex = 0; path = Pods_GedaratamaMalu_GedaratamaMaluUITests.framework; sourceTree = BUILT_PRODUCTS_DIR; };
		E4004F57DBF40FC1C626B247 /* Pods-GedaratamaMaluTests.debug.xcconfig */ = {isa = PBXFileReference; includeInIndex = 1; lastKnownFileType = text.xcconfig; name = "Pods-GedaratamaMaluTests.debug.xcconfig"; path = "Target Support Files/Pods-GedaratamaMaluTests/Pods-GedaratamaMaluTests.debug.xcconfig"; sourceTree = "<group>"; };
		E86CE05DEAE977A872333BB8 /* Pods-GedaratamaMaluTests.release.xcconfig */ = {isa = PBXFileReference; includeInIndex = 1; lastKnownFileType = text.xcconfig; name = "Pods-GedaratamaMaluTests.release.xcconfig"; path = "Target Support Files/Pods-GedaratamaMaluTests/Pods-GedaratamaMaluTests.release.xcconfig"; sourceTree = "<group>"; };
/* End PBXFileReference section */

/* Begin PBXFrameworksBuildPhase section */
		63D4C22C25990F0500BF9D7E /* Frameworks */ = {
			isa = PBXFrameworksBuildPhase;
			buildActionMask = 2147483647;
			files = (
				07D7F7CF721FA38FB0CCAE7E /* Pods_GedaratamaMalu.framework in Frameworks */,
			);
			runOnlyForDeploymentPostprocessing = 0;
		};
		63D4C24225990F0700BF9D7E /* Frameworks */ = {
			isa = PBXFrameworksBuildPhase;
			buildActionMask = 2147483647;
			files = (
				8929995DB0ECA1A591C988E7 /* Pods_GedaratamaMaluTests.framework in Frameworks */,
			);
			runOnlyForDeploymentPostprocessing = 0;
		};
		63D4C24D25990F0800BF9D7E /* Frameworks */ = {
			isa = PBXFrameworksBuildPhase;
			buildActionMask = 2147483647;
			files = (
				8C03240C37DF282F8159E2C8 /* Pods_GedaratamaMalu_GedaratamaMaluUITests.framework in Frameworks */,
			);
			runOnlyForDeploymentPostprocessing = 0;
		};
/* End PBXFrameworksBuildPhase section */

/* Begin PBXGroup section */
		6309F23625AF6D5C00C262C2 /* com.ashan.gedaratamamalu.controller */ = {
			isa = PBXGroup;
			children = (
				63F3E96126D66AB80013471C /* OrderConfirmationViewCell.swift */,
				6343F0EB265FEFCE0053487D /* CheckoutPayViewCell.swift */,
				636360B72660DA4C00CF8D81 /* CardDetailViewCell.swift */,
				634CFCDA265AC4DD0064A2D6 /* BasketCell.swift */,
				6330591B26C9963A00786402 /* MyCartViewCell.swift */,
				63A8A2D12599FDBD00921E83 /* PresentController.swift */,
				63D58EB1263A923E00707F6F /* AlertPopOverViewController.swift */,
				63B25E6A25B2CADD002D970D /* ProductViewCell.swift */,
				63A8A2CA2599FD2400921E83 /* IntraductionViewController.swift */,
				630855C6259B8A0F0072F431 /* SwipingViewCell.swift */,
				63BE380E25A3A30300937C35 /* SignInViewController.swift */,
				635C4CF325A5AAE100A9BEC8 /* RegisterViewController.swift */,
				6316FA0525AB98C800824BF4 /* MobileVerificationViewController.swift */,
				63B2FAF525AF78DC0088B6A6 /* TabBarViewController.swift */,
				63B2FAFA25AF8A950088B6A6 /* HomeViewController.swift */,
				63C43AA425B561B300983FED /* ProductViewController.swift */,
				63ED251E25B9C1AB00D8DDA6 /* CartViewController.swift */,
				63ED252325B9D1E200D8DDA6 /* CartRowViewCell.swift */,
				63D0B76E25BB743B0089FB0C /* AccountViewController.swift */,
				635840CA25BC1C610058971D /* LaunchSideMenu.swift */,
				636F9F7225BCBB4C000863AC /* MenuViewCell.swift */,
				633CEB9025BDD72800090191 /* AddressViewController.swift */,
				638F15C725BE017400D21C10 /* BillingAddressViewController.swift */,
				638F15CC25BE01DF00D21C10 /* ShippingAddressViewController.swift */,
				639EAC8C25BF1901003BADF4 /* MapViewController.swift */,
				6321D81C25C14733004D3144 /* AccountDetailViewController.swift */,
				634CFCD5265A87680064A2D6 /* BasketViewController.swift */,
				63C43639265E807A0027880D /* PlaceOrderViewController.swift */,
				63B6BA102667AEC5008B11F5 /* CreaditCardViewController.swift */,
				63AF392F267A649A002A1885 /* LocationViewController.swift */,
				633A974326C840BE00AD2134 /* OrderConfirmationViewController.swift */,
			);
			path = com.ashan.gedaratamamalu.controller;
			sourceTree = "<group>";
		};
		6309F23725AF6DBF00C262C2 /* com.ashan.gedaratamamalu.model */ = {
			isa = PBXGroup;
			children = (
				639BE63825B3590D00161A5F /* Product.swift */,
				6307D78A262580EB0047694E /* Authentication.swift */,
				6366B3B8262E2E93006CB200 /* JwtToken.swift */,
				638C4D5C2632B7590016CFD0 /* Profile.swift */,
				63C8FE352633755B00D7521A /* ProfileType.swift */,
				633296B5263409C7006435E1 /* ApiResponse.swift */,
				63DC8DF8264736690041EA77 /* Category.swift */,
				63DC8DFD264737C30041EA77 /* Supplier.swift */,
				63E07D33266D624A0088DE8F /* CreditCard.swift */,
				63CCDFC3267677F600E9175D /* ProductImage.swift */,
				631523B22684A14F006A4CFF /* AddressDetail.swift */,
				631523B72684A1C4006A4CFF /* AddressType.swift */,
				6317AB032698E44B00D59335 /* Order.swift */,
				63182ED42699E9D600021B93 /* OrderDetails.swift */,
				6348332B26C541EB000BA036 /* Payment.swift */,
				6348333026C5421D000BA036 /* PaymentDetails.swift */,
			);
			path = com.ashan.gedaratamamalu.model;
			sourceTree = "<group>";
		};
		632BA76226DD3B5500CDB452 /* custom_Font */ = {
			isa = PBXGroup;
			children = (
				632BA76326DD3B8100CDB452 /* LucidaGrande.ttc */,
			);
			path = custom_Font;
			sourceTree = "<group>";
		};
		632BA77326DD909600CDB452 /* custom_Gif */ = {
			isa = PBXGroup;
			children = (
				63499BE826CAE98200AB4BCA /* fish3.gif */,
				6323282126D44D2400B9037E /* scooter-courier.gif */,
				6323281C26D439A400B9037E /* guidelines.gif */,
			);
			path = custom_Gif;
			sourceTree = "<group>";
		};
		63947FA7263178F300360832 /* com.ashan.gedaratamamalu.viewModel */ = {
			isa = PBXGroup;
			children = (
				638C4D522632A4510016CFD0 /* AuthenticationViewModel.swift */,
				638C4D572632B62E0016CFD0 /* RegisterModelView.swift */,
				636A37FD2641475E0095B8C8 /* OTPViewModel.swift */,
				63DC8E0226473F7A0041EA77 /* ProductViewModel.swift */,
				631523AD26849657006A4CFF /* AddressModelView.swift */,
				6317AB082698EA5C00D59335 /* OrderModelView.swift */,
				6348332626C53B94000BA036 /* PaymentModelView.swift */,
				632BA76E26DD753900CDB452 /* CategoryModelView.swift */,
			);
			path = com.ashan.gedaratamamalu.viewModel;
			sourceTree = "<group>";
		};
		63A8A2C02599FC2000921E83 /* com.ashan.gedaratamamalu.view */ = {
			isa = PBXGroup;
			children = (
				63D4C23825990F0500BF9D7E /* Main.storyboard */,
				63D4C23D25990F0700BF9D7E /* LaunchScreen.storyboard */,
				630855C7259B8A0F0072F431 /* SwipingViewCell.xib */,
				63B25E6B25B2CADD002D970D /* ProductViewCell.xib */,
				63ED252425B9D1E200D8DDA6 /* CartRowViewCell.xib */,
				636F9F7325BCBB4C000863AC /* MenuViewCell.xib */,
				634CFCDB265AC4DD0064A2D6 /* BasketCell.xib */,
				6343F0EC265FEFCE0053487D /* CheckoutPayViewCell.xib */,
				636360B82660DA4C00CF8D81 /* CardDetailViewCell.xib */,
				6330591C26C9963A00786402 /* MyCartViewCell.xib */,
				63F3E96226D66AB80013471C /* OrderConfirmationViewCell.xib */,
				632BA75B26DD2C6000CDB452 /* HomeCategoryViewCell.swift */,
				632BA75C26DD2C6000CDB452 /* HomeCategoryViewCell.xib */,
				632BA76726DD428300CDB452 /* CategoryViewCell.swift */,
				632BA76826DD428300CDB452 /* CategoryViewCell.xib */,
			);
			path = com.ashan.gedaratamamalu.view;
			sourceTree = "<group>";
		};
		63A8A2D02599FD6500921E83 /* com.ashan.gedaratamamalu.supporting */ = {
			isa = PBXGroup;
			children = (
				632BA77326DD909600CDB452 /* custom_Gif */,
				632BA76226DD3B5500CDB452 /* custom_Font */,
				63BE381325A3BE4E00937C35 /* Extension.swift */,
				635B10BB266C1BA10079CEA0 /* MonthYearPickerView.swift */,
				633EEF10267E8C190007ED20 /* ShowCustomAlertMessage.swift */,
				63AF2D652697336800B14503 /* Enum.swift */,
			);
			path = com.ashan.gedaratamamalu.supporting;
			sourceTree = "<group>";
		};
		63D4C22625990F0400BF9D7E = {
			isa = PBXGroup;
			children = (
				63D4C23125990F0500BF9D7E /* GedaratamaMalu */,
				63D4C24825990F0700BF9D7E /* GedaratamaMaluTests */,
				63D4C25325990F0800BF9D7E /* GedaratamaMaluUITests */,
				63D4C23025990F0500BF9D7E /* Products */,
				F9FEFA4888AAB6B351AF61D4 /* Pods */,
				AB004B327BEADC039D744427 /* Frameworks */,
			);
			sourceTree = "<group>";
		};
		63D4C23025990F0500BF9D7E /* Products */ = {
			isa = PBXGroup;
			children = (
				63D4C22F25990F0500BF9D7E /* GedaratamaMalu.app */,
				63D4C24525990F0700BF9D7E /* GedaratamaMaluTests.xctest */,
				63D4C25025990F0800BF9D7E /* GedaratamaMaluUITests.xctest */,
			);
			name = Products;
			sourceTree = "<group>";
		};
		63D4C23125990F0500BF9D7E /* GedaratamaMalu */ = {
			isa = PBXGroup;
			children = (
				63A8A2D02599FD6500921E83 /* com.ashan.gedaratamamalu.supporting */,
				6309F23725AF6DBF00C262C2 /* com.ashan.gedaratamamalu.model */,
				63947FA7263178F300360832 /* com.ashan.gedaratamamalu.viewModel */,
				63A8A2C02599FC2000921E83 /* com.ashan.gedaratamamalu.view */,
				6309F23625AF6D5C00C262C2 /* com.ashan.gedaratamamalu.controller */,
				63D4C23225990F0500BF9D7E /* AppDelegate.swift */,
				63D4C23425990F0500BF9D7E /* SceneDelegate.swift */,
				63D4C23B25990F0700BF9D7E /* Assets.xcassets */,
				63D4C24025990F0700BF9D7E /* Info.plist */,
			);
			path = GedaratamaMalu;
			sourceTree = "<group>";
		};
		63D4C24825990F0700BF9D7E /* GedaratamaMaluTests */ = {
			isa = PBXGroup;
			children = (
				63D4C24925990F0700BF9D7E /* GedaratamaMaluTests.swift */,
				63D4C24B25990F0800BF9D7E /* Info.plist */,
			);
			path = GedaratamaMaluTests;
			sourceTree = "<group>";
		};
		63D4C25325990F0800BF9D7E /* GedaratamaMaluUITests */ = {
			isa = PBXGroup;
			children = (
				63D4C25425990F0800BF9D7E /* GedaratamaMaluUITests.swift */,
				63D4C25625990F0800BF9D7E /* Info.plist */,
			);
			path = GedaratamaMaluUITests;
			sourceTree = "<group>";
		};
		AB004B327BEADC039D744427 /* Frameworks */ = {
			isa = PBXGroup;
			children = (
				3D6B69DC1E0F4A23FF6559C8 /* Pods_GedaratamaMalu.framework */,
				DEB408EAD4DE262E2056CAE4 /* Pods_GedaratamaMalu_GedaratamaMaluUITests.framework */,
				B29BE4EDB3D3A483CC531E62 /* Pods_GedaratamaMaluTests.framework */,
			);
			name = Frameworks;
			sourceTree = "<group>";
		};
		F9FEFA4888AAB6B351AF61D4 /* Pods */ = {
			isa = PBXGroup;
			children = (
				5E7A59B95FE8347C6C1F1FF5 /* Pods-GedaratamaMalu.debug.xcconfig */,
				5CF41F5B0EE504254486A81A /* Pods-GedaratamaMalu.release.xcconfig */,
				4F40D751DA3BC15BD6F09CD5 /* Pods-GedaratamaMalu-GedaratamaMaluUITests.debug.xcconfig */,
				A790C0D24D3D396B486D9B3C /* Pods-GedaratamaMalu-GedaratamaMaluUITests.release.xcconfig */,
				E4004F57DBF40FC1C626B247 /* Pods-GedaratamaMaluTests.debug.xcconfig */,
				E86CE05DEAE977A872333BB8 /* Pods-GedaratamaMaluTests.release.xcconfig */,
			);
			path = Pods;
			sourceTree = "<group>";
		};
/* End PBXGroup section */

/* Begin PBXNativeTarget section */
		63D4C22E25990F0500BF9D7E /* GedaratamaMalu */ = {
			isa = PBXNativeTarget;
			buildConfigurationList = 63D4C25925990F0800BF9D7E /* Build configuration list for PBXNativeTarget "GedaratamaMalu" */;
			buildPhases = (
				799159F3FAAA45665A83C536 /* [CP] Check Pods Manifest.lock */,
				63D4C22B25990F0500BF9D7E /* Sources */,
				63D4C22C25990F0500BF9D7E /* Frameworks */,
				63D4C22D25990F0500BF9D7E /* Resources */,
				94C030D1AE9CBAF13DA81368 /* [CP] Embed Pods Frameworks */,
			);
			buildRules = (
			);
			dependencies = (
			);
			name = GedaratamaMalu;
			productName = GedaratamaMalu;
			productReference = 63D4C22F25990F0500BF9D7E /* GedaratamaMalu.app */;
			productType = "com.apple.product-type.application";
		};
		63D4C24425990F0700BF9D7E /* GedaratamaMaluTests */ = {
			isa = PBXNativeTarget;
			buildConfigurationList = 63D4C25C25990F0800BF9D7E /* Build configuration list for PBXNativeTarget "GedaratamaMaluTests" */;
			buildPhases = (
				8180F2DC48EDAE83442AA815 /* [CP] Check Pods Manifest.lock */,
				63D4C24125990F0700BF9D7E /* Sources */,
				63D4C24225990F0700BF9D7E /* Frameworks */,
				63D4C24325990F0700BF9D7E /* Resources */,
			);
			buildRules = (
			);
			dependencies = (
				63D4C24725990F0700BF9D7E /* PBXTargetDependency */,
			);
			name = GedaratamaMaluTests;
			productName = GedaratamaMaluTests;
			productReference = 63D4C24525990F0700BF9D7E /* GedaratamaMaluTests.xctest */;
			productType = "com.apple.product-type.bundle.unit-test";
		};
		63D4C24F25990F0800BF9D7E /* GedaratamaMaluUITests */ = {
			isa = PBXNativeTarget;
			buildConfigurationList = 63D4C25F25990F0800BF9D7E /* Build configuration list for PBXNativeTarget "GedaratamaMaluUITests" */;
			buildPhases = (
				0448F9FBBF6BC72985B033DB /* [CP] Check Pods Manifest.lock */,
				63D4C24C25990F0800BF9D7E /* Sources */,
				63D4C24D25990F0800BF9D7E /* Frameworks */,
				63D4C24E25990F0800BF9D7E /* Resources */,
				D039DFD1BC7B18B138EA9188 /* [CP] Embed Pods Frameworks */,
			);
			buildRules = (
			);
			dependencies = (
				63D4C25225990F0800BF9D7E /* PBXTargetDependency */,
			);
			name = GedaratamaMaluUITests;
			productName = GedaratamaMaluUITests;
			productReference = 63D4C25025990F0800BF9D7E /* GedaratamaMaluUITests.xctest */;
			productType = "com.apple.product-type.bundle.ui-testing";
		};
/* End PBXNativeTarget section */

/* Begin PBXProject section */
		63D4C22725990F0400BF9D7E /* Project object */ = {
			isa = PBXProject;
			attributes = {
				LastSwiftUpdateCheck = 1200;
				LastUpgradeCheck = 1200;
				TargetAttributes = {
					63D4C22E25990F0500BF9D7E = {
						CreatedOnToolsVersion = 12.0;
					};
					63D4C24425990F0700BF9D7E = {
						CreatedOnToolsVersion = 12.0;
						TestTargetID = 63D4C22E25990F0500BF9D7E;
					};
					63D4C24F25990F0800BF9D7E = {
						CreatedOnToolsVersion = 12.0;
						TestTargetID = 63D4C22E25990F0500BF9D7E;
					};
				};
			};
			buildConfigurationList = 63D4C22A25990F0500BF9D7E /* Build configuration list for PBXProject "GedaratamaMalu" */;
			compatibilityVersion = "Xcode 9.3";
			developmentRegion = en;
			hasScannedForEncodings = 0;
			knownRegions = (
				en,
				Base,
			);
			mainGroup = 63D4C22625990F0400BF9D7E;
			productRefGroup = 63D4C23025990F0500BF9D7E /* Products */;
			projectDirPath = "";
			projectRoot = "";
			targets = (
				63D4C22E25990F0500BF9D7E /* GedaratamaMalu */,
				63D4C24425990F0700BF9D7E /* GedaratamaMaluTests */,
				63D4C24F25990F0800BF9D7E /* GedaratamaMaluUITests */,
			);
		};
/* End PBXProject section */

/* Begin PBXResourcesBuildPhase section */
		63D4C22D25990F0500BF9D7E /* Resources */ = {
			isa = PBXResourcesBuildPhase;
			buildActionMask = 2147483647;
			files = (
				6330591E26C9963A00786402 /* MyCartViewCell.xib in Resources */,
				63B25E6D25B2CADD002D970D /* ProductViewCell.xib in Resources */,
				6323281D26D439A400B9037E /* guidelines.gif in Resources */,
				634CFCDD265AC4DD0064A2D6 /* BasketCell.xib in Resources */,
				6323282226D44D2400B9037E /* scooter-courier.gif in Resources */,
				636F9F7525BCBB4C000863AC /* MenuViewCell.xib in Resources */,
				630855C9259B8A0F0072F431 /* SwipingViewCell.xib in Resources */,
				63D4C23F25990F0700BF9D7E /* LaunchScreen.storyboard in Resources */,
				63F3E96426D66AB80013471C /* OrderConfirmationViewCell.xib in Resources */,
				63499BE926CAE98300AB4BCA /* fish3.gif in Resources */,
				63D4C23C25990F0700BF9D7E /* Assets.xcassets in Resources */,
				632BA75E26DD2C6000CDB452 /* HomeCategoryViewCell.xib in Resources */,
				632BA76A26DD428300CDB452 /* CategoryViewCell.xib in Resources */,
				63D4C23A25990F0500BF9D7E /* Main.storyboard in Resources */,
				636360BA2660DA4C00CF8D81 /* CardDetailViewCell.xib in Resources */,
				6343F0EE265FEFCE0053487D /* CheckoutPayViewCell.xib in Resources */,
				63ED252625B9D1E200D8DDA6 /* CartRowViewCell.xib in Resources */,
			);
			runOnlyForDeploymentPostprocessing = 0;
		};
		63D4C24325990F0700BF9D7E /* Resources */ = {
			isa = PBXResourcesBuildPhase;
			buildActionMask = 2147483647;
			files = (
			);
			runOnlyForDeploymentPostprocessing = 0;
		};
		63D4C24E25990F0800BF9D7E /* Resources */ = {
			isa = PBXResourcesBuildPhase;
			buildActionMask = 2147483647;
			files = (
			);
			runOnlyForDeploymentPostprocessing = 0;
		};
/* End PBXResourcesBuildPhase section */

/* Begin PBXShellScriptBuildPhase section */
		0448F9FBBF6BC72985B033DB /* [CP] Check Pods Manifest.lock */ = {
			isa = PBXShellScriptBuildPhase;
			buildActionMask = 2147483647;
			files = (
			);
			inputFileListPaths = (
			);
			inputPaths = (
				"${PODS_PODFILE_DIR_PATH}/Podfile.lock",
				"${PODS_ROOT}/Manifest.lock",
			);
			name = "[CP] Check Pods Manifest.lock";
			outputFileListPaths = (
			);
			outputPaths = (
				"$(DERIVED_FILE_DIR)/Pods-GedaratamaMalu-GedaratamaMaluUITests-checkManifestLockResult.txt",
			);
			runOnlyForDeploymentPostprocessing = 0;
			shellPath = /bin/sh;
			shellScript = "diff \"${PODS_PODFILE_DIR_PATH}/Podfile.lock\" \"${PODS_ROOT}/Manifest.lock\" > /dev/null\nif [ $? != 0 ] ; then\n    # print error to STDERR\n    echo \"error: The sandbox is not in sync with the Podfile.lock. Run 'pod install' or update your CocoaPods installation.\" >&2\n    exit 1\nfi\n# This output is used by Xcode 'outputs' to avoid re-running this script phase.\necho \"SUCCESS\" > \"${SCRIPT_OUTPUT_FILE_0}\"\n";
			showEnvVarsInLog = 0;
		};
		799159F3FAAA45665A83C536 /* [CP] Check Pods Manifest.lock */ = {
			isa = PBXShellScriptBuildPhase;
			buildActionMask = 2147483647;
			files = (
			);
			inputFileListPaths = (
			);
			inputPaths = (
				"${PODS_PODFILE_DIR_PATH}/Podfile.lock",
				"${PODS_ROOT}/Manifest.lock",
			);
			name = "[CP] Check Pods Manifest.lock";
			outputFileListPaths = (
			);
			outputPaths = (
				"$(DERIVED_FILE_DIR)/Pods-GedaratamaMalu-checkManifestLockResult.txt",
			);
			runOnlyForDeploymentPostprocessing = 0;
			shellPath = /bin/sh;
			shellScript = "diff \"${PODS_PODFILE_DIR_PATH}/Podfile.lock\" \"${PODS_ROOT}/Manifest.lock\" > /dev/null\nif [ $? != 0 ] ; then\n    # print error to STDERR\n    echo \"error: The sandbox is not in sync with the Podfile.lock. Run 'pod install' or update your CocoaPods installation.\" >&2\n    exit 1\nfi\n# This output is used by Xcode 'outputs' to avoid re-running this script phase.\necho \"SUCCESS\" > \"${SCRIPT_OUTPUT_FILE_0}\"\n";
			showEnvVarsInLog = 0;
		};
		8180F2DC48EDAE83442AA815 /* [CP] Check Pods Manifest.lock */ = {
			isa = PBXShellScriptBuildPhase;
			buildActionMask = 2147483647;
			files = (
			);
			inputFileListPaths = (
			);
			inputPaths = (
				"${PODS_PODFILE_DIR_PATH}/Podfile.lock",
				"${PODS_ROOT}/Manifest.lock",
			);
			name = "[CP] Check Pods Manifest.lock";
			outputFileListPaths = (
			);
			outputPaths = (
				"$(DERIVED_FILE_DIR)/Pods-GedaratamaMaluTests-checkManifestLockResult.txt",
			);
			runOnlyForDeploymentPostprocessing = 0;
			shellPath = /bin/sh;
			shellScript = "diff \"${PODS_PODFILE_DIR_PATH}/Podfile.lock\" \"${PODS_ROOT}/Manifest.lock\" > /dev/null\nif [ $? != 0 ] ; then\n    # print error to STDERR\n    echo \"error: The sandbox is not in sync with the Podfile.lock. Run 'pod install' or update your CocoaPods installation.\" >&2\n    exit 1\nfi\n# This output is used by Xcode 'outputs' to avoid re-running this script phase.\necho \"SUCCESS\" > \"${SCRIPT_OUTPUT_FILE_0}\"\n";
			showEnvVarsInLog = 0;
		};
		94C030D1AE9CBAF13DA81368 /* [CP] Embed Pods Frameworks */ = {
			isa = PBXShellScriptBuildPhase;
			buildActionMask = 2147483647;
			files = (
			);
			inputFileListPaths = (
				"${PODS_ROOT}/Target Support Files/Pods-GedaratamaMalu/Pods-GedaratamaMalu-frameworks-${CONFIGURATION}-input-files.xcfilelist",
			);
			name = "[CP] Embed Pods Frameworks";
			outputFileListPaths = (
				"${PODS_ROOT}/Target Support Files/Pods-GedaratamaMalu/Pods-GedaratamaMalu-frameworks-${CONFIGURATION}-output-files.xcfilelist",
			);
			runOnlyForDeploymentPostprocessing = 0;
			shellPath = /bin/sh;
			shellScript = "\"${PODS_ROOT}/Target Support Files/Pods-GedaratamaMalu/Pods-GedaratamaMalu-frameworks.sh\"\n";
			showEnvVarsInLog = 0;
		};
		D039DFD1BC7B18B138EA9188 /* [CP] Embed Pods Frameworks */ = {
			isa = PBXShellScriptBuildPhase;
			buildActionMask = 2147483647;
			files = (
			);
			inputFileListPaths = (
				"${PODS_ROOT}/Target Support Files/Pods-GedaratamaMalu-GedaratamaMaluUITests/Pods-GedaratamaMalu-GedaratamaMaluUITests-frameworks-${CONFIGURATION}-input-files.xcfilelist",
			);
			name = "[CP] Embed Pods Frameworks";
			outputFileListPaths = (
				"${PODS_ROOT}/Target Support Files/Pods-GedaratamaMalu-GedaratamaMaluUITests/Pods-GedaratamaMalu-GedaratamaMaluUITests-frameworks-${CONFIGURATION}-output-files.xcfilelist",
			);
			runOnlyForDeploymentPostprocessing = 0;
			shellPath = /bin/sh;
			shellScript = "\"${PODS_ROOT}/Target Support Files/Pods-GedaratamaMalu-GedaratamaMaluUITests/Pods-GedaratamaMalu-GedaratamaMaluUITests-frameworks.sh\"\n";
			showEnvVarsInLog = 0;
		};
/* End PBXShellScriptBuildPhase section */

/* Begin PBXSourcesBuildPhase section */
		63D4C22B25990F0500BF9D7E /* Sources */ = {
			isa = PBXSourcesBuildPhase;
			buildActionMask = 2147483647;
			files = (
				633EEF11267E8C190007ED20 /* ShowCustomAlertMessage.swift in Sources */,
				63D4C23325990F0500BF9D7E /* AppDelegate.swift in Sources */,
				633A974426C840BE00AD2134 /* OrderConfirmationViewController.swift in Sources */,
				634CFCDC265AC4DD0064A2D6 /* BasketCell.swift in Sources */,
				6330591D26C9963A00786402 /* MyCartViewCell.swift in Sources */,
				63D4C23525990F0500BF9D7E /* SceneDelegate.swift in Sources */,
				63F3E96326D66AB80013471C /* OrderConfirmationViewCell.swift in Sources */,
				638C4D5D2632B7590016CFD0 /* Profile.swift in Sources */,
				63BE381425A3BE4E00937C35 /* Extension.swift in Sources */,
				633CEB9125BDD72800090191 /* AddressViewController.swift in Sources */,
				63182ED52699E9D600021B93 /* OrderDetails.swift in Sources */,
				63C43AA525B561B300983FED /* ProductViewController.swift in Sources */,
				631523B82684A1C4006A4CFF /* AddressType.swift in Sources */,
				635C4CF425A5AAE100A9BEC8 /* RegisterViewController.swift in Sources */,
				6317AB042698E44B00D59335 /* Order.swift in Sources */,
				63DC8DFE264737C30041EA77 /* Supplier.swift in Sources */,
				634CFCD6265A87680064A2D6 /* BasketViewController.swift in Sources */,
				638C4D532632A4510016CFD0 /* AuthenticationViewModel.swift in Sources */,
				636F9F7425BCBB4C000863AC /* MenuViewCell.swift in Sources */,
				63C4363A265E807A0027880D /* PlaceOrderViewController.swift in Sources */,
				638F15CD25BE01DF00D21C10 /* ShippingAddressViewController.swift in Sources */,
				63BE380F25A3A30300937C35 /* SignInViewController.swift in Sources */,
				63DC8DF9264736690041EA77 /* Category.swift in Sources */,
				63E07D34266D624A0088DE8F /* CreditCard.swift in Sources */,
				63CCDFC4267677F600E9175D /* ProductImage.swift in Sources */,
				631523AE26849657006A4CFF /* AddressModelView.swift in Sources */,
				636360B92660DA4C00CF8D81 /* CardDetailViewCell.swift in Sources */,
				6348333126C5421D000BA036 /* PaymentDetails.swift in Sources */,
				6321D81D25C14733004D3144 /* AccountDetailViewController.swift in Sources */,
				63DC8E0326473F7A0041EA77 /* ProductViewModel.swift in Sources */,
				635B10BC266C1BA10079CEA0 /* MonthYearPickerView.swift in Sources */,
				638C4D582632B62E0016CFD0 /* RegisterModelView.swift in Sources */,
				639EAC8D25BF1901003BADF4 /* MapViewController.swift in Sources */,
				6316FA0625AB98C800824BF4 /* MobileVerificationViewController.swift in Sources */,
				6348332C26C541EB000BA036 /* Payment.swift in Sources */,
				63ED251F25B9C1AB00D8DDA6 /* CartViewController.swift in Sources */,
				632BA76926DD428300CDB452 /* CategoryViewCell.swift in Sources */,
				632BA76F26DD753900CDB452 /* CategoryModelView.swift in Sources */,
				6307D78B262580EB0047694E /* Authentication.swift in Sources */,
				6348332726C53B94000BA036 /* PaymentModelView.swift in Sources */,
				63C8FE362633755B00D7521A /* ProfileType.swift in Sources */,
				635840CB25BC1C610058971D /* LaunchSideMenu.swift in Sources */,
				632BA75D26DD2C6000CDB452 /* HomeCategoryViewCell.swift in Sources */,
				63D0B76F25BB743C0089FB0C /* AccountViewController.swift in Sources */,
				633296B6263409C7006435E1 /* ApiResponse.swift in Sources */,
				630855C8259B8A0F0072F431 /* SwipingViewCell.swift in Sources */,
				631523B32684A14F006A4CFF /* AddressDetail.swift in Sources */,
				6317AB092698EA5C00D59335 /* OrderModelView.swift in Sources */,
				63B6BA112667AEC5008B11F5 /* CreaditCardViewController.swift in Sources */,
				63B2FAFB25AF8A950088B6A6 /* HomeViewController.swift in Sources */,
				63B25E6C25B2CADD002D970D /* ProductViewCell.swift in Sources */,
				63AF3930267A649A002A1885 /* LocationViewController.swift in Sources */,
				6366B3B9262E2E93006CB200 /* JwtToken.swift in Sources */,
				6343F0ED265FEFCE0053487D /* CheckoutPayViewCell.swift in Sources */,
				63A8A2CB2599FD2400921E83 /* IntraductionViewController.swift in Sources */,
				636A37FE264147600095B8C8 /* OTPViewModel.swift in Sources */,
				63D58EB3263A923E00707F6F /* AlertPopOverViewController.swift in Sources */,
				63B2FAF625AF78DC0088B6A6 /* TabBarViewController.swift in Sources */,
				638F15C825BE017400D21C10 /* BillingAddressViewController.swift in Sources */,
				63AF2D662697336800B14503 /* Enum.swift in Sources */,
				63ED252525B9D1E200D8DDA6 /* CartRowViewCell.swift in Sources */,
				63A8A2D22599FDBD00921E83 /* PresentController.swift in Sources */,
				639BE63925B3590D00161A5F /* Product.swift in Sources */,
			);
			runOnlyForDeploymentPostprocessing = 0;
		};
		63D4C24125990F0700BF9D7E /* Sources */ = {
			isa = PBXSourcesBuildPhase;
			buildActionMask = 2147483647;
			files = (
				63D4C24A25990F0700BF9D7E /* GedaratamaMaluTests.swift in Sources */,
			);
			runOnlyForDeploymentPostprocessing = 0;
		};
		63D4C24C25990F0800BF9D7E /* Sources */ = {
			isa = PBXSourcesBuildPhase;
			buildActionMask = 2147483647;
			files = (
				63D4C25525990F0800BF9D7E /* GedaratamaMaluUITests.swift in Sources */,
			);
			runOnlyForDeploymentPostprocessing = 0;
		};
/* End PBXSourcesBuildPhase section */

/* Begin PBXTargetDependency section */
		63D4C24725990F0700BF9D7E /* PBXTargetDependency */ = {
			isa = PBXTargetDependency;
			target = 63D4C22E25990F0500BF9D7E /* GedaratamaMalu */;
			targetProxy = 63D4C24625990F0700BF9D7E /* PBXContainerItemProxy */;
		};
		63D4C25225990F0800BF9D7E /* PBXTargetDependency */ = {
			isa = PBXTargetDependency;
			target = 63D4C22E25990F0500BF9D7E /* GedaratamaMalu */;
			targetProxy = 63D4C25125990F0800BF9D7E /* PBXContainerItemProxy */;
		};
/* End PBXTargetDependency section */

/* Begin PBXVariantGroup section */
		63D4C23825990F0500BF9D7E /* Main.storyboard */ = {
			isa = PBXVariantGroup;
			children = (
				63D4C23925990F0500BF9D7E /* Base */,
			);
			name = Main.storyboard;
			sourceTree = "<group>";
		};
		63D4C23D25990F0700BF9D7E /* LaunchScreen.storyboard */ = {
			isa = PBXVariantGroup;
			children = (
				63D4C23E25990F0700BF9D7E /* Base */,
			);
			name = LaunchScreen.storyboard;
			sourceTree = "<group>";
		};
/* End PBXVariantGroup section */

/* Begin XCBuildConfiguration section */
		63D4C25725990F0800BF9D7E /* Debug */ = {
			isa = XCBuildConfiguration;
			buildSettings = {
				ALWAYS_SEARCH_USER_PATHS = NO;
				CLANG_ANALYZER_NONNULL = YES;
				CLANG_ANALYZER_NUMBER_OBJECT_CONVERSION = YES_AGGRESSIVE;
				CLANG_CXX_LANGUAGE_STANDARD = "gnu++14";
				CLANG_CXX_LIBRARY = "libc++";
				CLANG_ENABLE_MODULES = YES;
				CLANG_ENABLE_OBJC_ARC = YES;
				CLANG_ENABLE_OBJC_WEAK = YES;
				CLANG_WARN_BLOCK_CAPTURE_AUTORELEASING = YES;
				CLANG_WARN_BOOL_CONVERSION = YES;
				CLANG_WARN_COMMA = YES;
				CLANG_WARN_CONSTANT_CONVERSION = YES;
				CLANG_WARN_DEPRECATED_OBJC_IMPLEMENTATIONS = YES;
				CLANG_WARN_DIRECT_OBJC_ISA_USAGE = YES_ERROR;
				CLANG_WARN_DOCUMENTATION_COMMENTS = YES;
				CLANG_WARN_EMPTY_BODY = YES;
				CLANG_WARN_ENUM_CONVERSION = YES;
				CLANG_WARN_INFINITE_RECURSION = YES;
				CLANG_WARN_INT_CONVERSION = YES;
				CLANG_WARN_NON_LITERAL_NULL_CONVERSION = YES;
				CLANG_WARN_OBJC_IMPLICIT_RETAIN_SELF = YES;
				CLANG_WARN_OBJC_LITERAL_CONVERSION = YES;
				CLANG_WARN_OBJC_ROOT_CLASS = YES_ERROR;
				CLANG_WARN_QUOTED_INCLUDE_IN_FRAMEWORK_HEADER = YES;
				CLANG_WARN_RANGE_LOOP_ANALYSIS = YES;
				CLANG_WARN_STRICT_PROTOTYPES = YES;
				CLANG_WARN_SUSPICIOUS_MOVE = YES;
				CLANG_WARN_UNGUARDED_AVAILABILITY = YES_AGGRESSIVE;
				CLANG_WARN_UNREACHABLE_CODE = YES;
				CLANG_WARN__DUPLICATE_METHOD_MATCH = YES;
				COPY_PHASE_STRIP = NO;
				DEBUG_INFORMATION_FORMAT = dwarf;
				ENABLE_STRICT_OBJC_MSGSEND = YES;
				ENABLE_TESTABILITY = YES;
				GCC_C_LANGUAGE_STANDARD = gnu11;
				GCC_DYNAMIC_NO_PIC = NO;
				GCC_NO_COMMON_BLOCKS = YES;
				GCC_OPTIMIZATION_LEVEL = 0;
				GCC_PREPROCESSOR_DEFINITIONS = (
					"DEBUG=1",
					"$(inherited)",
				);
				GCC_WARN_64_TO_32_BIT_CONVERSION = YES;
				GCC_WARN_ABOUT_RETURN_TYPE = YES_ERROR;
				GCC_WARN_UNDECLARED_SELECTOR = YES;
				GCC_WARN_UNINITIALIZED_AUTOS = YES_AGGRESSIVE;
				GCC_WARN_UNUSED_FUNCTION = YES;
				GCC_WARN_UNUSED_VARIABLE = YES;
				IPHONEOS_DEPLOYMENT_TARGET = 14.0;
				MTL_ENABLE_DEBUG_INFO = INCLUDE_SOURCE;
				MTL_FAST_MATH = YES;
				ONLY_ACTIVE_ARCH = YES;
				SDKROOT = iphoneos;
				SWIFT_ACTIVE_COMPILATION_CONDITIONS = DEBUG;
				SWIFT_OPTIMIZATION_LEVEL = "-Onone";
			};
			name = Debug;
		};
		63D4C25825990F0800BF9D7E /* Release */ = {
			isa = XCBuildConfiguration;
			buildSettings = {
				ALWAYS_SEARCH_USER_PATHS = NO;
				CLANG_ANALYZER_NONNULL = YES;
				CLANG_ANALYZER_NUMBER_OBJECT_CONVERSION = YES_AGGRESSIVE;
				CLANG_CXX_LANGUAGE_STANDARD = "gnu++14";
				CLANG_CXX_LIBRARY = "libc++";
				CLANG_ENABLE_MODULES = YES;
				CLANG_ENABLE_OBJC_ARC = YES;
				CLANG_ENABLE_OBJC_WEAK = YES;
				CLANG_WARN_BLOCK_CAPTURE_AUTORELEASING = YES;
				CLANG_WARN_BOOL_CONVERSION = YES;
				CLANG_WARN_COMMA = YES;
				CLANG_WARN_CONSTANT_CONVERSION = YES;
				CLANG_WARN_DEPRECATED_OBJC_IMPLEMENTATIONS = YES;
				CLANG_WARN_DIRECT_OBJC_ISA_USAGE = YES_ERROR;
				CLANG_WARN_DOCUMENTATION_COMMENTS = YES;
				CLANG_WARN_EMPTY_BODY = YES;
				CLANG_WARN_ENUM_CONVERSION = YES;
				CLANG_WARN_INFINITE_RECURSION = YES;
				CLANG_WARN_INT_CONVERSION = YES;
				CLANG_WARN_NON_LITERAL_NULL_CONVERSION = YES;
				CLANG_WARN_OBJC_IMPLICIT_RETAIN_SELF = YES;
				CLANG_WARN_OBJC_LITERAL_CONVERSION = YES;
				CLANG_WARN_OBJC_ROOT_CLASS = YES_ERROR;
				CLANG_WARN_QUOTED_INCLUDE_IN_FRAMEWORK_HEADER = YES;
				CLANG_WARN_RANGE_LOOP_ANALYSIS = YES;
				CLANG_WARN_STRICT_PROTOTYPES = YES;
				CLANG_WARN_SUSPICIOUS_MOVE = YES;
				CLANG_WARN_UNGUARDED_AVAILABILITY = YES_AGGRESSIVE;
				CLANG_WARN_UNREACHABLE_CODE = YES;
				CLANG_WARN__DUPLICATE_METHOD_MATCH = YES;
				COPY_PHASE_STRIP = NO;
				DEBUG_INFORMATION_FORMAT = "dwarf-with-dsym";
				ENABLE_NS_ASSERTIONS = NO;
				ENABLE_STRICT_OBJC_MSGSEND = YES;
				GCC_C_LANGUAGE_STANDARD = gnu11;
				GCC_NO_COMMON_BLOCKS = YES;
				GCC_WARN_64_TO_32_BIT_CONVERSION = YES;
				GCC_WARN_ABOUT_RETURN_TYPE = YES_ERROR;
				GCC_WARN_UNDECLARED_SELECTOR = YES;
				GCC_WARN_UNINITIALIZED_AUTOS = YES_AGGRESSIVE;
				GCC_WARN_UNUSED_FUNCTION = YES;
				GCC_WARN_UNUSED_VARIABLE = YES;
				IPHONEOS_DEPLOYMENT_TARGET = 14.0;
				MTL_ENABLE_DEBUG_INFO = NO;
				MTL_FAST_MATH = YES;
				SDKROOT = iphoneos;
				SWIFT_COMPILATION_MODE = wholemodule;
				SWIFT_OPTIMIZATION_LEVEL = "-O";
				VALIDATE_PRODUCT = YES;
			};
			name = Release;
		};
		63D4C25A25990F0800BF9D7E /* Debug */ = {
			isa = XCBuildConfiguration;
			baseConfigurationReference = 5E7A59B95FE8347C6C1F1FF5 /* Pods-GedaratamaMalu.debug.xcconfig */;
			buildSettings = {
				ASSETCATALOG_COMPILER_APPICON_NAME = AppIcon;
				ASSETCATALOG_COMPILER_GLOBAL_ACCENT_COLOR_NAME = AccentColor;
				CODE_SIGN_IDENTITY = "Apple Development";
				CODE_SIGN_STYLE = Automatic;
				DEVELOPMENT_TEAM = P3SNLZLCKJ;
				INFOPLIST_FILE = GedaratamaMalu/Info.plist;
				IPHONEOS_DEPLOYMENT_TARGET = 13.0;
				LD_RUNPATH_SEARCH_PATHS = (
					"$(inherited)",
					"@executable_path/Frameworks",
				);
				PRODUCT_BUNDLE_IDENTIFIER = com.ashan.gedaratama.GedaratamaMalu;
				PRODUCT_NAME = "$(TARGET_NAME)";
				PROVISIONING_PROFILE_SPECIFIER = "";
				SWIFT_VERSION = 5.0;
				TARGETED_DEVICE_FAMILY = "1,2";
			};
			name = Debug;
		};
		63D4C25B25990F0800BF9D7E /* Release */ = {
			isa = XCBuildConfiguration;
			baseConfigurationReference = 5CF41F5B0EE504254486A81A /* Pods-GedaratamaMalu.release.xcconfig */;
			buildSettings = {
				ASSETCATALOG_COMPILER_APPICON_NAME = AppIcon;
				ASSETCATALOG_COMPILER_GLOBAL_ACCENT_COLOR_NAME = AccentColor;
				CODE_SIGN_IDENTITY = "Apple Development";
				CODE_SIGN_STYLE = Automatic;
				DEVELOPMENT_TEAM = P3SNLZLCKJ;
				INFOPLIST_FILE = GedaratamaMalu/Info.plist;
				IPHONEOS_DEPLOYMENT_TARGET = 13.0;
				LD_RUNPATH_SEARCH_PATHS = (
					"$(inherited)",
					"@executable_path/Frameworks",
				);
				PRODUCT_BUNDLE_IDENTIFIER = com.ashan.gedaratama.GedaratamaMalu;
				PRODUCT_NAME = "$(TARGET_NAME)";
				PROVISIONING_PROFILE_SPECIFIER = "";
				SWIFT_VERSION = 5.0;
				TARGETED_DEVICE_FAMILY = "1,2";
			};
			name = Release;
		};
		63D4C25D25990F0800BF9D7E /* Debug */ = {
			isa = XCBuildConfiguration;
			baseConfigurationReference = E4004F57DBF40FC1C626B247 /* Pods-GedaratamaMaluTests.debug.xcconfig */;
			buildSettings = {
				ALWAYS_EMBED_SWIFT_STANDARD_LIBRARIES = YES;
				BUNDLE_LOADER = "$(TEST_HOST)";
				CODE_SIGN_STYLE = Automatic;
				DEVELOPMENT_TEAM = P3SNLZLCKJ;
				INFOPLIST_FILE = GedaratamaMaluTests/Info.plist;
				IPHONEOS_DEPLOYMENT_TARGET = 14.0;
				LD_RUNPATH_SEARCH_PATHS = (
					"$(inherited)",
					"@executable_path/Frameworks",
					"@loader_path/Frameworks",
				);
				PRODUCT_BUNDLE_IDENTIFIER = com.ashan.gedaratama.GedaratamaMaluTests;
				PRODUCT_NAME = "$(TARGET_NAME)";
				SWIFT_VERSION = 5.0;
				TARGETED_DEVICE_FAMILY = "1,2";
				TEST_HOST = "$(BUILT_PRODUCTS_DIR)/GedaratamaMalu.app/GedaratamaMalu";
			};
			name = Debug;
		};
		63D4C25E25990F0800BF9D7E /* Release */ = {
			isa = XCBuildConfiguration;
			baseConfigurationReference = E86CE05DEAE977A872333BB8 /* Pods-GedaratamaMaluTests.release.xcconfig */;
			buildSettings = {
				ALWAYS_EMBED_SWIFT_STANDARD_LIBRARIES = YES;
				BUNDLE_LOADER = "$(TEST_HOST)";
				CODE_SIGN_STYLE = Automatic;
				DEVELOPMENT_TEAM = P3SNLZLCKJ;
				INFOPLIST_FILE = GedaratamaMaluTests/Info.plist;
				IPHONEOS_DEPLOYMENT_TARGET = 14.0;
				LD_RUNPATH_SEARCH_PATHS = (
					"$(inherited)",
					"@executable_path/Frameworks",
					"@loader_path/Frameworks",
				);
				PRODUCT_BUNDLE_IDENTIFIER = com.ashan.gedaratama.GedaratamaMaluTests;
				PRODUCT_NAME = "$(TARGET_NAME)";
				SWIFT_VERSION = 5.0;
				TARGETED_DEVICE_FAMILY = "1,2";
				TEST_HOST = "$(BUILT_PRODUCTS_DIR)/GedaratamaMalu.app/GedaratamaMalu";
			};
			name = Release;
		};
		63D4C26025990F0800BF9D7E /* Debug */ = {
			isa = XCBuildConfiguration;
			baseConfigurationReference = 4F40D751DA3BC15BD6F09CD5 /* Pods-GedaratamaMalu-GedaratamaMaluUITests.debug.xcconfig */;
			buildSettings = {
				ALWAYS_EMBED_SWIFT_STANDARD_LIBRARIES = YES;
				CODE_SIGN_STYLE = Automatic;
				DEVELOPMENT_TEAM = P3SNLZLCKJ;
				INFOPLIST_FILE = GedaratamaMaluUITests/Info.plist;
				LD_RUNPATH_SEARCH_PATHS = (
					"$(inherited)",
					"@executable_path/Frameworks",
					"@loader_path/Frameworks",
				);
				PRODUCT_BUNDLE_IDENTIFIER = com.ashan.gedaratama.GedaratamaMaluUITests;
				PRODUCT_NAME = "$(TARGET_NAME)";
				SWIFT_VERSION = 5.0;
				TARGETED_DEVICE_FAMILY = "1,2";
				TEST_TARGET_NAME = GedaratamaMalu;
			};
			name = Debug;
		};
		63D4C26125990F0800BF9D7E /* Release */ = {
			isa = XCBuildConfiguration;
			baseConfigurationReference = A790C0D24D3D396B486D9B3C /* Pods-GedaratamaMalu-GedaratamaMaluUITests.release.xcconfig */;
			buildSettings = {
				ALWAYS_EMBED_SWIFT_STANDARD_LIBRARIES = YES;
				CODE_SIGN_STYLE = Automatic;
				DEVELOPMENT_TEAM = P3SNLZLCKJ;
				INFOPLIST_FILE = GedaratamaMaluUITests/Info.plist;
				LD_RUNPATH_SEARCH_PATHS = (
					"$(inherited)",
					"@executable_path/Frameworks",
					"@loader_path/Frameworks",
				);
				PRODUCT_BUNDLE_IDENTIFIER = com.ashan.gedaratama.GedaratamaMaluUITests;
				PRODUCT_NAME = "$(TARGET_NAME)";
				SWIFT_VERSION = 5.0;
				TARGETED_DEVICE_FAMILY = "1,2";
				TEST_TARGET_NAME = GedaratamaMalu;
			};
			name = Release;
		};
/* End XCBuildConfiguration section */

/* Begin XCConfigurationList section */
		63D4C22A25990F0500BF9D7E /* Build configuration list for PBXProject "GedaratamaMalu" */ = {
			isa = XCConfigurationList;
			buildConfigurations = (
				63D4C25725990F0800BF9D7E /* Debug */,
				63D4C25825990F0800BF9D7E /* Release */,
			);
			defaultConfigurationIsVisible = 0;
			defaultConfigurationName = Release;
		};
		63D4C25925990F0800BF9D7E /* Build configuration list for PBXNativeTarget "GedaratamaMalu" */ = {
			isa = XCConfigurationList;
			buildConfigurations = (
				63D4C25A25990F0800BF9D7E /* Debug */,
				63D4C25B25990F0800BF9D7E /* Release */,
			);
			defaultConfigurationIsVisible = 0;
			defaultConfigurationName = Release;
		};
		63D4C25C25990F0800BF9D7E /* Build configuration list for PBXNativeTarget "GedaratamaMaluTests" */ = {
			isa = XCConfigurationList;
			buildConfigurations = (
				63D4C25D25990F0800BF9D7E /* Debug */,
				63D4C25E25990F0800BF9D7E /* Release */,
			);
			defaultConfigurationIsVisible = 0;
			defaultConfigurationName = Release;
		};
		63D4C25F25990F0800BF9D7E /* Build configuration list for PBXNativeTarget "GedaratamaMaluUITests" */ = {
			isa = XCConfigurationList;
			buildConfigurations = (
				63D4C26025990F0800BF9D7E /* Debug */,
				63D4C26125990F0800BF9D7E /* Release */,
			);
			defaultConfigurationIsVisible = 0;
			defaultConfigurationName = Release;
		};
/* End XCConfigurationList section */
	};
	rootObject = 63D4C22725990F0400BF9D7E /* Project object */;
}
